// !$*UTF8*$!
{
	archiveVersion = 1;
	classes = {
	};
	objectVersion = 55;
	objects = {

/* Begin PBXBuildFile section */
		3E5E17172886824600F89FDC /* StarWarsApp.swift in Sources */ = {isa = PBXBuildFile; fileRef = 3E5E17162886824600F89FDC /* StarWarsApp.swift */; };
		3E5E17192886824600F89FDC /* MainScreen.swift in Sources */ = {isa = PBXBuildFile; fileRef = 3E5E17182886824600F89FDC /* MainScreen.swift */; };
		3E5E171B2886824A00F89FDC /* Assets.xcassets in Resources */ = {isa = PBXBuildFile; fileRef = 3E5E171A2886824A00F89FDC /* Assets.xcassets */; };
		3E5E171E2886824A00F89FDC /* Preview Assets.xcassets in Resources */ = {isa = PBXBuildFile; fileRef = 3E5E171D2886824A00F89FDC /* Preview Assets.xcassets */; };
		3E5E17202886824A00F89FDC /* PersistenceController.swift in Sources */ = {isa = PBXBuildFile; fileRef = 3E5E171F2886824A00F89FDC /* PersistenceController.swift */; };
		3E5E17232886824A00F89FDC /* StarWars.xcdatamodeld in Sources */ = {isa = PBXBuildFile; fileRef = 3E5E17212886824A00F89FDC /* StarWars.xcdatamodeld */; };
		3E5E172D2886863100F89FDC /* Networking in Frameworks */ = {isa = PBXBuildFile; productRef = 3E5E172C2886863100F89FDC /* Networking */; };
		3E5E17302886AB3300F89FDC /* StateMachineProtocol.swift in Sources */ = {isa = PBXBuildFile; fileRef = 3E5E172F2886AB3300F89FDC /* StateMachineProtocol.swift */; };
		3E5E17322886AC9E00F89FDC /* StateMachine.swift in Sources */ = {isa = PBXBuildFile; fileRef = 3E5E17312886AC9E00F89FDC /* StateMachine.swift */; };
		3E5E17342886AF9400F89FDC /* MainViewModel.swift in Sources */ = {isa = PBXBuildFile; fileRef = 3E5E17332886AF9400F89FDC /* MainViewModel.swift */; };
		3E5E17372886C1F600F89FDC /* Film.swift in Sources */ = {isa = PBXBuildFile; fileRef = 3E5E17362886C1F600F89FDC /* Film.swift */; };
		3E5E17392886C7CE00F89FDC /* Character.swift in Sources */ = {isa = PBXBuildFile; fileRef = 3E5E17382886C7CE00F89FDC /* Character.swift */; };
		3E5E173B2886C88300F89FDC /* Planet.swift in Sources */ = {isa = PBXBuildFile; fileRef = 3E5E173A2886C88300F89FDC /* Planet.swift */; };
		3E6128FC288AD36F00C5972D /* Character+CoreDataClass.swift in Sources */ = {isa = PBXBuildFile; fileRef = 3E6128FA288AD36F00C5972D /* Character+CoreDataClass.swift */; };
		3E6128FD288AD36F00C5972D /* Character+CoreDataProperties.swift in Sources */ = {isa = PBXBuildFile; fileRef = 3E6128FB288AD36F00C5972D /* Character+CoreDataProperties.swift */; };
		3E612900288AD3BF00C5972D /* CharactersScreen.swift in Sources */ = {isa = PBXBuildFile; fileRef = 3E6128FF288AD3BF00C5972D /* CharactersScreen.swift */; };
		3E612902288AD3D800C5972D /* CharactersViewModel.swift in Sources */ = {isa = PBXBuildFile; fileRef = 3E612901288AD3D800C5972D /* CharactersViewModel.swift */; };
		3E612906288AD86B00C5972D /* Film+CoreDataClass.swift in Sources */ = {isa = PBXBuildFile; fileRef = 3E612904288AD86B00C5972D /* Film+CoreDataClass.swift */; };
		3E612907288AD86B00C5972D /* Film+CoreDataProperties.swift in Sources */ = {isa = PBXBuildFile; fileRef = 3E612905288AD86B00C5972D /* Film+CoreDataProperties.swift */; };
		3E61290A288ADE7D00C5972D /* String.swift in Sources */ = {isa = PBXBuildFile; fileRef = 3E612909288ADE7D00C5972D /* String.swift */; };
		3E61290D288B014C00C5972D /* PlanetScreen.swift in Sources */ = {isa = PBXBuildFile; fileRef = 3E61290C288B014C00C5972D /* PlanetScreen.swift */; };
		3E61290F288B015D00C5972D /* PlanetViewModel.swift in Sources */ = {isa = PBXBuildFile; fileRef = 3E61290E288B015D00C5972D /* PlanetViewModel.swift */; };
		3E612912288B10F400C5972D /* Planet+CoreDataClass.swift in Sources */ = {isa = PBXBuildFile; fileRef = 3E612910288B10F400C5972D /* Planet+CoreDataClass.swift */; };
		3E612913288B10F400C5972D /* Planet+CoreDataProperties.swift in Sources */ = {isa = PBXBuildFile; fileRef = 3E612911288B10F400C5972D /* Planet+CoreDataProperties.swift */; };
/* End PBXBuildFile section */

/* Begin PBXFileReference section */
		3E5E17132886824600F89FDC /* Star Wars - Test Technesis.app */ = {isa = PBXFileReference; explicitFileType = wrapper.application; includeInIndex = 0; path = "Star Wars - Test Technesis.app"; sourceTree = BUILT_PRODUCTS_DIR; };
		3E5E17162886824600F89FDC /* StarWarsApp.swift */ = {isa = PBXFileReference; lastKnownFileType = sourcecode.swift; path = StarWarsApp.swift; sourceTree = "<group>"; };
		3E5E17182886824600F89FDC /* MainScreen.swift */ = {isa = PBXFileReference; lastKnownFileType = sourcecode.swift; path = MainScreen.swift; sourceTree = "<group>"; };
		3E5E171A2886824A00F89FDC /* Assets.xcassets */ = {isa = PBXFileReference; lastKnownFileType = folder.assetcatalog; path = Assets.xcassets; sourceTree = "<group>"; };
		3E5E171D2886824A00F89FDC /* Preview Assets.xcassets */ = {isa = PBXFileReference; lastKnownFileType = folder.assetcatalog; path = "Preview Assets.xcassets"; sourceTree = "<group>"; };
		3E5E171F2886824A00F89FDC /* PersistenceController.swift */ = {isa = PBXFileReference; lastKnownFileType = sourcecode.swift; path = PersistenceController.swift; sourceTree = "<group>"; };
		3E5E17222886824A00F89FDC /* StarWars.xcdatamodel */ = {isa = PBXFileReference; lastKnownFileType = wrapper.xcdatamodel; path = StarWars.xcdatamodel; sourceTree = "<group>"; };
		3E5E172A2886861800F89FDC /* Networking */ = {isa = PBXFileReference; lastKnownFileType = wrapper; name = Networking; path = Modules/Networking; sourceTree = "<group>"; };
		3E5E172F2886AB3300F89FDC /* StateMachineProtocol.swift */ = {isa = PBXFileReference; lastKnownFileType = sourcecode.swift; path = StateMachineProtocol.swift; sourceTree = "<group>"; };
		3E5E17312886AC9E00F89FDC /* StateMachine.swift */ = {isa = PBXFileReference; lastKnownFileType = sourcecode.swift; path = StateMachine.swift; sourceTree = "<group>"; };
		3E5E17332886AF9400F89FDC /* MainViewModel.swift */ = {isa = PBXFileReference; lastKnownFileType = sourcecode.swift; path = MainViewModel.swift; sourceTree = "<group>"; };
		3E5E17362886C1F600F89FDC /* Film.swift */ = {isa = PBXFileReference; lastKnownFileType = sourcecode.swift; path = Film.swift; sourceTree = "<group>"; };
		3E5E17382886C7CE00F89FDC /* Character.swift */ = {isa = PBXFileReference; lastKnownFileType = sourcecode.swift; path = Character.swift; sourceTree = "<group>"; };
		3E5E173A2886C88300F89FDC /* Planet.swift */ = {isa = PBXFileReference; lastKnownFileType = sourcecode.swift; path = Planet.swift; sourceTree = "<group>"; };
		3E6128FA288AD36F00C5972D /* Character+CoreDataClass.swift */ = {isa = PBXFileReference; lastKnownFileType = sourcecode.swift; path = "Character+CoreDataClass.swift"; sourceTree = SOURCE_ROOT; };
		3E6128FB288AD36F00C5972D /* Character+CoreDataProperties.swift */ = {isa = PBXFileReference; lastKnownFileType = sourcecode.swift; path = "Character+CoreDataProperties.swift"; sourceTree = SOURCE_ROOT; };
		3E6128FF288AD3BF00C5972D /* CharactersScreen.swift */ = {isa = PBXFileReference; lastKnownFileType = sourcecode.swift; path = CharactersScreen.swift; sourceTree = "<group>"; };
		3E612901288AD3D800C5972D /* CharactersViewModel.swift */ = {isa = PBXFileReference; lastKnownFileType = sourcecode.swift; path = CharactersViewModel.swift; sourceTree = "<group>"; };
		3E612904288AD86B00C5972D /* Film+CoreDataClass.swift */ = {isa = PBXFileReference; lastKnownFileType = sourcecode.swift; path = "Film+CoreDataClass.swift"; sourceTree = SOURCE_ROOT; };
		3E612905288AD86B00C5972D /* Film+CoreDataProperties.swift */ = {isa = PBXFileReference; lastKnownFileType = sourcecode.swift; path = "Film+CoreDataProperties.swift"; sourceTree = SOURCE_ROOT; };
		3E612909288ADE7D00C5972D /* String.swift */ = {isa = PBXFileReference; lastKnownFileType = sourcecode.swift; path = String.swift; sourceTree = "<group>"; };
		3E61290C288B014C00C5972D /* PlanetScreen.swift */ = {isa = PBXFileReference; lastKnownFileType = sourcecode.swift; path = PlanetScreen.swift; sourceTree = "<group>"; };
		3E61290E288B015D00C5972D /* PlanetViewModel.swift */ = {isa = PBXFileReference; lastKnownFileType = sourcecode.swift; path = PlanetViewModel.swift; sourceTree = "<group>"; };
		3E612910288B10F400C5972D /* Planet+CoreDataClass.swift */ = {isa = PBXFileReference; lastKnownFileType = sourcecode.swift; path = "Planet+CoreDataClass.swift"; sourceTree = SOURCE_ROOT; };
		3E612911288B10F400C5972D /* Planet+CoreDataProperties.swift */ = {isa = PBXFileReference; lastKnownFileType = sourcecode.swift; path = "Planet+CoreDataProperties.swift"; sourceTree = SOURCE_ROOT; };
/* End PBXFileReference section */

/* Begin PBXFrameworksBuildPhase section */
		3E5E17102886824600F89FDC /* Frameworks */ = {
			isa = PBXFrameworksBuildPhase;
			buildActionMask = 2147483647;
			files = (
				3E5E172D2886863100F89FDC /* Networking in Frameworks */,
			);
			runOnlyForDeploymentPostprocessing = 0;
		};
/* End PBXFrameworksBuildPhase section */

/* Begin PBXGroup section */
		3E5E170A2886824600F89FDC = {
			isa = PBXGroup;
			children = (
				3E5E172A2886861800F89FDC /* Networking */,
				3E5E17152886824600F89FDC /* StarWars */,
				3E5E17142886824600F89FDC /* Products */,
				3E5E172B2886863100F89FDC /* Frameworks */,
			);
			sourceTree = "<group>";
		};
		3E5E17142886824600F89FDC /* Products */ = {
			isa = PBXGroup;
			children = (
				3E5E17132886824600F89FDC /* Star Wars - Test Technesis.app */,
			);
			name = Products;
			sourceTree = "<group>";
		};
		3E5E17152886824600F89FDC /* StarWars */ = {
			isa = PBXGroup;
			children = (
				3E612908288ADE6A00C5972D /* Extension */,
				3E612903288AD51B00C5972D /* CoreData */,
				3E6128F8288AD23500C5972D /* Screens */,
				3E5E17352886BA1E00F89FDC /* Models */,
				3E5E172E2886A2B800F89FDC /* StateMachine */,
				3E5E17162886824600F89FDC /* StarWarsApp.swift */,
				3E5E171A2886824A00F89FDC /* Assets.xcassets */,
				3E5E17212886824A00F89FDC /* StarWars.xcdatamodeld */,
				3E5E171C2886824A00F89FDC /* Preview Content */,
			);
			path = StarWars;
			sourceTree = "<group>";
		};
		3E5E171C2886824A00F89FDC /* Preview Content */ = {
			isa = PBXGroup;
			children = (
				3E5E171D2886824A00F89FDC /* Preview Assets.xcassets */,
			);
			path = "Preview Content";
			sourceTree = "<group>";
		};
		3E5E172B2886863100F89FDC /* Frameworks */ = {
			isa = PBXGroup;
			children = (
			);
			name = Frameworks;
			sourceTree = "<group>";
		};
		3E5E172E2886A2B800F89FDC /* StateMachine */ = {
			isa = PBXGroup;
			children = (
				3E5E172F2886AB3300F89FDC /* StateMachineProtocol.swift */,
				3E5E17312886AC9E00F89FDC /* StateMachine.swift */,
			);
			path = StateMachine;
			sourceTree = "<group>";
		};
		3E5E17352886BA1E00F89FDC /* Models */ = {
			isa = PBXGroup;
			children = (
				3E5E17362886C1F600F89FDC /* Film.swift */,
				3E5E17382886C7CE00F89FDC /* Character.swift */,
				3E5E173A2886C88300F89FDC /* Planet.swift */,
			);
			path = Models;
			sourceTree = "<group>";
		};
		3E6128F7288AD21F00C5972D /* CoreDataModels */ = {
			isa = PBXGroup;
			children = (
				3E612910288B10F400C5972D /* Planet+CoreDataClass.swift */,
				3E612911288B10F400C5972D /* Planet+CoreDataProperties.swift */,
				3E612904288AD86B00C5972D /* Film+CoreDataClass.swift */,
				3E612905288AD86B00C5972D /* Film+CoreDataProperties.swift */,
				3E6128FA288AD36F00C5972D /* Character+CoreDataClass.swift */,
				3E6128FB288AD36F00C5972D /* Character+CoreDataProperties.swift */,
			);
			path = CoreDataModels;
			sourceTree = "<group>";
		};
		3E6128F8288AD23500C5972D /* Screens */ = {
			isa = PBXGroup;
			children = (
				3E61290B288B011800C5972D /* PlanetScreen */,
				3E6128FE288AD3AD00C5972D /* Characters */,
				3E6128F9288AD24000C5972D /* Main */,
			);
			path = Screens;
			sourceTree = "<group>";
		};
		3E6128F9288AD24000C5972D /* Main */ = {
			isa = PBXGroup;
			children = (
				3E5E17332886AF9400F89FDC /* MainViewModel.swift */,
				3E5E17182886824600F89FDC /* MainScreen.swift */,
			);
			path = Main;
			sourceTree = "<group>";
		};
		3E6128FE288AD3AD00C5972D /* Characters */ = {
			isa = PBXGroup;
			children = (
				3E6128FF288AD3BF00C5972D /* CharactersScreen.swift */,
				3E612901288AD3D800C5972D /* CharactersViewModel.swift */,
			);
			path = Characters;
			sourceTree = "<group>";
		};
		3E612903288AD51B00C5972D /* CoreData */ = {
			isa = PBXGroup;
			children = (
				3E6128F7288AD21F00C5972D /* CoreDataModels */,
				3E5E171F2886824A00F89FDC /* PersistenceController.swift */,
			);
			path = CoreData;
			sourceTree = "<group>";
		};
		3E612908288ADE6A00C5972D /* Extension */ = {
			isa = PBXGroup;
			children = (
				3E612909288ADE7D00C5972D /* String.swift */,
			);
			path = Extension;
			sourceTree = "<group>";
		};
		3E61290B288B011800C5972D /* PlanetScreen */ = {
			isa = PBXGroup;
			children = (
				3E61290C288B014C00C5972D /* PlanetScreen.swift */,
				3E61290E288B015D00C5972D /* PlanetViewModel.swift */,
			);
			path = PlanetScreen;
			sourceTree = "<group>";
		};
/* End PBXGroup section */

/* Begin PBXNativeTarget section */
		3E5E17122886824600F89FDC /* StarWars */ = {
			isa = PBXNativeTarget;
			buildConfigurationList = 3E5E17262886824A00F89FDC /* Build configuration list for PBXNativeTarget "StarWars" */;
			buildPhases = (
				3E5E170F2886824600F89FDC /* Sources */,
				3E5E17102886824600F89FDC /* Frameworks */,
				3E5E17112886824600F89FDC /* Resources */,
			);
			buildRules = (
			);
			dependencies = (
			);
			name = StarWars;
			packageProductDependencies = (
				3E5E172C2886863100F89FDC /* Networking */,
			);
			productName = StarWars;
			productReference = 3E5E17132886824600F89FDC /* Star Wars - Test Technesis.app */;
			productType = "com.apple.product-type.application";
		};
/* End PBXNativeTarget section */

/* Begin PBXProject section */
		3E5E170B2886824600F89FDC /* Project object */ = {
			isa = PBXProject;
			attributes = {
				BuildIndependentTargetsInParallel = 1;
				LastSwiftUpdateCheck = 1340;
				LastUpgradeCheck = 1340;
				TargetAttributes = {
					3E5E17122886824600F89FDC = {
						CreatedOnToolsVersion = 13.4;
					};
				};
			};
			buildConfigurationList = 3E5E170E2886824600F89FDC /* Build configuration list for PBXProject "StarWars" */;
			compatibilityVersion = "Xcode 13.0";
			developmentRegion = en;
			hasScannedForEncodings = 0;
			knownRegions = (
				en,
				Base,
			);
			mainGroup = 3E5E170A2886824600F89FDC;
			productRefGroup = 3E5E17142886824600F89FDC /* Products */;
			projectDirPath = "";
			projectRoot = "";
			targets = (
				3E5E17122886824600F89FDC /* StarWars */,
			);
		};
/* End PBXProject section */

/* Begin PBXResourcesBuildPhase section */
		3E5E17112886824600F89FDC /* Resources */ = {
			isa = PBXResourcesBuildPhase;
			buildActionMask = 2147483647;
			files = (
				3E5E171E2886824A00F89FDC /* Preview Assets.xcassets in Resources */,
				3E5E171B2886824A00F89FDC /* Assets.xcassets in Resources */,
			);
			runOnlyForDeploymentPostprocessing = 0;
		};
/* End PBXResourcesBuildPhase section */

/* Begin PBXSourcesBuildPhase section */
		3E5E170F2886824600F89FDC /* Sources */ = {
			isa = PBXSourcesBuildPhase;
			buildActionMask = 2147483647;
			files = (
				3E612913288B10F400C5972D /* Planet+CoreDataProperties.swift in Sources */,
				3E612902288AD3D800C5972D /* CharactersViewModel.swift in Sources */,
				3E612912288B10F400C5972D /* Planet+CoreDataClass.swift in Sources */,
				3E5E17392886C7CE00F89FDC /* Character.swift in Sources */,
				3E5E173B2886C88300F89FDC /* Planet.swift in Sources */,
				3E5E17342886AF9400F89FDC /* MainViewModel.swift in Sources */,
				3E5E17232886824A00F89FDC /* StarWars.xcdatamodeld in Sources */,
				3E6128FC288AD36F00C5972D /* Character+CoreDataClass.swift in Sources */,
				3E5E17322886AC9E00F89FDC /* StateMachine.swift in Sources */,
				3E5E17302886AB3300F89FDC /* StateMachineProtocol.swift in Sources */,
				3E6128FD288AD36F00C5972D /* Character+CoreDataProperties.swift in Sources */,
				3E61290F288B015D00C5972D /* PlanetViewModel.swift in Sources */,
				3E5E17202886824A00F89FDC /* PersistenceController.swift in Sources */,
				3E612900288AD3BF00C5972D /* CharactersScreen.swift in Sources */,
				3E612907288AD86B00C5972D /* Film+CoreDataProperties.swift in Sources */,
				3E612906288AD86B00C5972D /* Film+CoreDataClass.swift in Sources */,
				3E5E17372886C1F600F89FDC /* Film.swift in Sources */,
				3E61290A288ADE7D00C5972D /* String.swift in Sources */,
				3E5E17192886824600F89FDC /* MainScreen.swift in Sources */,
				3E5E17172886824600F89FDC /* StarWarsApp.swift in Sources */,
				3E61290D288B014C00C5972D /* PlanetScreen.swift in Sources */,
			);
			runOnlyForDeploymentPostprocessing = 0;
		};
/* End PBXSourcesBuildPhase section */

/* Begin XCBuildConfiguration section */
		3E5E17242886824A00F89FDC /* Debug */ = {
			isa = XCBuildConfiguration;
			buildSettings = {
				ALWAYS_SEARCH_USER_PATHS = NO;
				CLANG_ANALYZER_NONNULL = YES;
				CLANG_ANALYZER_NUMBER_OBJECT_CONVERSION = YES_AGGRESSIVE;
				CLANG_CXX_LANGUAGE_STANDARD = "gnu++17";
				CLANG_ENABLE_MODULES = YES;
				CLANG_ENABLE_OBJC_ARC = YES;
				CLANG_ENABLE_OBJC_WEAK = YES;
				CLANG_WARN_BLOCK_CAPTURE_AUTORELEASING = YES;
				CLANG_WARN_BOOL_CONVERSION = YES;
				CLANG_WARN_COMMA = YES;
				CLANG_WARN_CONSTANT_CONVERSION = YES;
				CLANG_WARN_DEPRECATED_OBJC_IMPLEMENTATIONS = YES;
				CLANG_WARN_DIRECT_OBJC_ISA_USAGE = YES_ERROR;
				CLANG_WARN_DOCUMENTATION_COMMENTS = YES;
				CLANG_WARN_EMPTY_BODY = YES;
				CLANG_WARN_ENUM_CONVERSION = YES;
				CLANG_WARN_INFINITE_RECURSION = YES;
				CLANG_WARN_INT_CONVERSION = YES;
				CLANG_WARN_NON_LITERAL_NULL_CONVERSION = YES;
				CLANG_WARN_OBJC_IMPLICIT_RETAIN_SELF = YES;
				CLANG_WARN_OBJC_LITERAL_CONVERSION = YES;
				CLANG_WARN_OBJC_ROOT_CLASS = YES_ERROR;
				CLANG_WARN_QUOTED_INCLUDE_IN_FRAMEWORK_HEADER = YES;
				CLANG_WARN_RANGE_LOOP_ANALYSIS = YES;
				CLANG_WARN_STRICT_PROTOTYPES = YES;
				CLANG_WARN_SUSPICIOUS_MOVE = YES;
				CLANG_WARN_UNGUARDED_AVAILABILITY = YES_AGGRESSIVE;
				CLANG_WARN_UNREACHABLE_CODE = YES;
				CLANG_WARN__DUPLICATE_METHOD_MATCH = YES;
				COPY_PHASE_STRIP = NO;
				DEBUG_INFORMATION_FORMAT = dwarf;
				ENABLE_STRICT_OBJC_MSGSEND = YES;
				ENABLE_TESTABILITY = YES;
				GCC_C_LANGUAGE_STANDARD = gnu11;
				GCC_DYNAMIC_NO_PIC = NO;
				GCC_NO_COMMON_BLOCKS = YES;
				GCC_OPTIMIZATION_LEVEL = 0;
				GCC_PREPROCESSOR_DEFINITIONS = (
					"DEBUG=1",
					"$(inherited)",
				);
				GCC_WARN_64_TO_32_BIT_CONVERSION = YES;
				GCC_WARN_ABOUT_RETURN_TYPE = YES_ERROR;
				GCC_WARN_UNDECLARED_SELECTOR = YES;
				GCC_WARN_UNINITIALIZED_AUTOS = YES_AGGRESSIVE;
				GCC_WARN_UNUSED_FUNCTION = YES;
				GCC_WARN_UNUSED_VARIABLE = YES;
				IPHONEOS_DEPLOYMENT_TARGET = 15.0;
				MTL_ENABLE_DEBUG_INFO = INCLUDE_SOURCE;
				MTL_FAST_MATH = YES;
				ONLY_ACTIVE_ARCH = YES;
				SDKROOT = iphoneos;
				SWIFT_ACTIVE_COMPILATION_CONDITIONS = DEBUG;
				SWIFT_OPTIMIZATION_LEVEL = "-Onone";
			};
			name = Debug;
		};
		3E5E17252886824A00F89FDC /* Release */ = {
			isa = XCBuildConfiguration;
			buildSettings = {
				ALWAYS_SEARCH_USER_PATHS = NO;
				CLANG_ANALYZER_NONNULL = YES;
				CLANG_ANALYZER_NUMBER_OBJECT_CONVERSION = YES_AGGRESSIVE;
				CLANG_CXX_LANGUAGE_STANDARD = "gnu++17";
				CLANG_ENABLE_MODULES = YES;
				CLANG_ENABLE_OBJC_ARC = YES;
				CLANG_ENABLE_OBJC_WEAK = YES;
				CLANG_WARN_BLOCK_CAPTURE_AUTORELEASING = YES;
				CLANG_WARN_BOOL_CONVERSION = YES;
				CLANG_WARN_COMMA = YES;
				CLANG_WARN_CONSTANT_CONVERSION = YES;
				CLANG_WARN_DEPRECATED_OBJC_IMPLEMENTATIONS = YES;
				CLANG_WARN_DIRECT_OBJC_ISA_USAGE = YES_ERROR;
				CLANG_WARN_DOCUMENTATION_COMMENTS = YES;
				CLANG_WARN_EMPTY_BODY = YES;
				CLANG_WARN_ENUM_CONVERSION = YES;
				CLANG_WARN_INFINITE_RECURSION = YES;
				CLANG_WARN_INT_CONVERSION = YES;
				CLANG_WARN_NON_LITERAL_NULL_CONVERSION = YES;
				CLANG_WARN_OBJC_IMPLICIT_RETAIN_SELF = YES;
				CLANG_WARN_OBJC_LITERAL_CONVERSION = YES;
				CLANG_WARN_OBJC_ROOT_CLASS = YES_ERROR;
				CLANG_WARN_QUOTED_INCLUDE_IN_FRAMEWORK_HEADER = YES;
				CLANG_WARN_RANGE_LOOP_ANALYSIS = YES;
				CLANG_WARN_STRICT_PROTOTYPES = YES;
				CLANG_WARN_SUSPICIOUS_MOVE = YES;
				CLANG_WARN_UNGUARDED_AVAILABILITY = YES_AGGRESSIVE;
				CLANG_WARN_UNREACHABLE_CODE = YES;
				CLANG_WARN__DUPLICATE_METHOD_MATCH = YES;
				COPY_PHASE_STRIP = NO;
				DEBUG_INFORMATION_FORMAT = "dwarf-with-dsym";
				ENABLE_NS_ASSERTIONS = NO;
				ENABLE_STRICT_OBJC_MSGSEND = YES;
				GCC_C_LANGUAGE_STANDARD = gnu11;
				GCC_NO_COMMON_BLOCKS = YES;
				GCC_WARN_64_TO_32_BIT_CONVERSION = YES;
				GCC_WARN_ABOUT_RETURN_TYPE = YES_ERROR;
				GCC_WARN_UNDECLARED_SELECTOR = YES;
				GCC_WARN_UNINITIALIZED_AUTOS = YES_AGGRESSIVE;
				GCC_WARN_UNUSED_FUNCTION = YES;
				GCC_WARN_UNUSED_VARIABLE = YES;
				IPHONEOS_DEPLOYMENT_TARGET = 15.0;
				MTL_ENABLE_DEBUG_INFO = NO;
				MTL_FAST_MATH = YES;
				SDKROOT = iphoneos;
				SWIFT_COMPILATION_MODE = wholemodule;
				SWIFT_OPTIMIZATION_LEVEL = "-O";
				VALIDATE_PRODUCT = YES;
			};
			name = Release;
		};
		3E5E17272886824A00F89FDC /* Debug */ = {
			isa = XCBuildConfiguration;
			buildSettings = {
				ASSETCATALOG_COMPILER_APPICON_NAME = AppIcon;
				ASSETCATALOG_COMPILER_GLOBAL_ACCENT_COLOR_NAME = AccentColor;
				CODE_SIGN_STYLE = Automatic;
				CURRENT_PROJECT_VERSION = 2;
				DEVELOPMENT_ASSET_PATHS = "\"StarWars/Preview Content\"";
				DEVELOPMENT_TEAM = 7MH8KA7J8V;
				ENABLE_PREVIEWS = YES;
				GENERATE_INFOPLIST_FILE = YES;
				INFOPLIST_KEY_UIApplicationSceneManifest_Generation = YES;
				INFOPLIST_KEY_UIApplicationSupportsIndirectInputEvents = YES;
				INFOPLIST_KEY_UILaunchScreen_Generation = YES;
				INFOPLIST_KEY_UISupportedInterfaceOrientations_iPad = UIInterfaceOrientationPortrait;
				INFOPLIST_KEY_UISupportedInterfaceOrientations_iPhone = UIInterfaceOrientationPortrait;
				IPHONEOS_DEPLOYMENT_TARGET = 15.0;
				LD_RUNPATH_SEARCH_PATHS = (
					"$(inherited)",
					"@executable_path/Frameworks",
				);
				MARKETING_VERSION = 1.0;
				PRODUCT_BUNDLE_IDENTIFIER = com.tilakirill.StarWars;
				PRODUCT_NAME = "Star Wars - Test Technesis";
				SWIFT_EMIT_LOC_STRINGS = YES;
				SWIFT_VERSION = 5.0;
				TARGETED_DEVICE_FAMILY = 1;
			};
			name = Debug;
		};
		3E5E17282886824A00F89FDC /* Release */ = {
			isa = XCBuildConfiguration;
			buildSettings = {
				ASSETCATALOG_COMPILER_APPICON_NAME = AppIcon;
				ASSETCATALOG_COMPILER_GLOBAL_ACCENT_COLOR_NAME = AccentColor;
				CODE_SIGN_STYLE = Automatic;
				CURRENT_PROJECT_VERSION = 2;
				DEVELOPMENT_ASSET_PATHS = "\"StarWars/Preview Content\"";
				DEVELOPMENT_TEAM = 7MH8KA7J8V;
				ENABLE_PREVIEWS = YES;
				GENERATE_INFOPLIST_FILE = YES;
				INFOPLIST_KEY_UIApplicationSceneManifest_Generation = YES;
				INFOPLIST_KEY_UIApplicationSupportsIndirectInputEvents = YES;
				INFOPLIST_KEY_UILaunchScreen_Generation = YES;
				INFOPLIST_KEY_UISupportedInterfaceOrientations_iPad = UIInterfaceOrientationPortrait;
				INFOPLIST_KEY_UISupportedInterfaceOrientations_iPhone = UIInterfaceOrientationPortrait;
				IPHONEOS_DEPLOYMENT_TARGET = 15.0;
				LD_RUNPATH_SEARCH_PATHS = (
					"$(inherited)",
					"@executable_path/Frameworks",
				);
				MARKETING_VERSION = 1.0;
				PRODUCT_BUNDLE_IDENTIFIER = com.tilakirill.StarWars;
				PRODUCT_NAME = "Star Wars - Test Technesis";
				SWIFT_EMIT_LOC_STRINGS = YES;
				SWIFT_VERSION = 5.0;
				TARGETED_DEVICE_FAMILY = 1;
			};
			name = Release;
		};
/* End XCBuildConfiguration section */

/* Begin XCConfigurationList section */
		3E5E170E2886824600F89FDC /* Build configuration list for PBXProject "StarWars" */ = {
			isa = XCConfigurationList;
			buildConfigurations = (
				3E5E17242886824A00F89FDC /* Debug */,
				3E5E17252886824A00F89FDC /* Release */,
			);
			defaultConfigurationIsVisible = 0;
			defaultConfigurationName = Release;
		};
		3E5E17262886824A00F89FDC /* Build configuration list for PBXNativeTarget "StarWars" */ = {
			isa = XCConfigurationList;
			buildConfigurations = (
				3E5E17272886824A00F89FDC /* Debug */,
				3E5E17282886824A00F89FDC /* Release */,
			);
			defaultConfigurationIsVisible = 0;
			defaultConfigurationName = Release;
		};
/* End XCConfigurationList section */

/* Begin XCSwiftPackageProductDependency section */
		3E5E172C2886863100F89FDC /* Networking */ = {
			isa = XCSwiftPackageProductDependency;
			productName = Networking;
		};
/* End XCSwiftPackageProductDependency section */

/* Begin XCVersionGroup section */
		3E5E17212886824A00F89FDC /* StarWars.xcdatamodeld */ = {
			isa = XCVersionGroup;
			children = (
				3E5E17222886824A00F89FDC /* StarWars.xcdatamodel */,
			);
			currentVersion = 3E5E17222886824A00F89FDC /* StarWars.xcdatamodel */;
			path = StarWars.xcdatamodeld;
			sourceTree = "<group>";
			versionGroupType = wrapper.xcdatamodel;
		};
/* End XCVersionGroup section */
	};
	rootObject = 3E5E170B2886824600F89FDC /* Project object */;
}
